
Microsoft Visual Studio Solution File, Format Version 12.00
# Visual Studio Version 17
VisualStudioVersion = 17.5.33627.172
MinimumVisualStudioVersion = 10.0.40219.1
Project("{FAE04EC0-301F-11D3-BF4B-00C04F79EFBC}") = "WebApp", "WebApp\WebApp.csproj", "{37BD036D-1A4A-453A-A366-D0E4F79B916D}"
EndProject
Project("{E53339B2-1760-4266-BCC7-CA923CBCF16C}") = "docker-compose", "docker-compose.dcproj", "{B2D3078C-F285-408F-98E4-51EA8090B79F}"
EndProject
Global
	GlobalSection(SolutionConfigurationPlatforms) = preSolution
		Debug|Any CPU = Debug|Any CPU
		Release|Any CPU = Release|Any CPU
	EndGlobalSection
	GlobalSection(ProjectConfigurationPlatforms) = postSolution
		{37BD036D-1A4A-453A-A366-D0E4F79B916D}.Debug|Any CPU.ActiveCfg = Debug|Any CPU
		{37BD036D-1A4A-453A-A366-D0E4F79B916D}.Debug|Any CPU.Build.0 = Debug|Any CPU
		{37BD036D-1A4A-453A-A366-D0E4F79B916D}.Release|Any CPU.ActiveCfg = Release|Any CPU
		{37BD036D-1A4A-453A-A366-D0E4F79B916D}.Release|Any CPU.Build.0 = Release|Any CPU
		{B2D3078C-F285-408F-98E4-51EA8090B79F}.Debug|Any CPU.ActiveCfg = Debug|Any CPU
		{B2D3078C-F285-408F-98E4-51EA8090B79F}.Debug|Any CPU.Build.0 = Debug|Any CPU
		{B2D3078C-F285-408F-98E4-51EA8090B79F}.Release|Any CPU.ActiveCfg = Release|Any CPU
		{B2D3078C-F285-408F-98E4-51EA8090B79F}.Release|Any CPU.Build.0 = Release|Any CPU
	EndGlobalSection
	GlobalSection(SolutionProperties) = preSolution
		HideSolutionNode = FALSE
	EndGlobalSection
	GlobalSection(ExtensibilityGlobals) = postSolution
		SolutionGuid = {78ECFA4D-AF55-48E9-9C18-29B581624DB1}
	EndGlobalSection
EndGlobal
